// !$*UTF8*$!
{
	archiveVersion = 1;
	classes = {
	};
	objectVersion = 55;
	objects = {

/* Begin PBXBuildFile section */
		9963728428CCDD270037626C /* CharacterListViewControllerTests.swift in Sources */ = {isa = PBXBuildFile; fileRef = 9963728328CCDD270037626C /* CharacterListViewControllerTests.swift */; };
		99AD103328CCED59001DC6D4 /* CharactersModel.swift in Sources */ = {isa = PBXBuildFile; fileRef = 99AD103228CCED59001DC6D4 /* CharactersModel.swift */; };
		99AD103528CCEEC8001DC6D4 /* CharactersService.swift in Sources */ = {isa = PBXBuildFile; fileRef = 99AD103428CCEEC8001DC6D4 /* CharactersService.swift */; };
		99AD103B28CCEFDD001DC6D4 /* CharactersRepository.swift in Sources */ = {isa = PBXBuildFile; fileRef = 99AD103A28CCEFDD001DC6D4 /* CharactersRepository.swift */; };
		99AD103D28CCF0F2001DC6D4 /* CharacterParams.swift in Sources */ = {isa = PBXBuildFile; fileRef = 99AD103C28CCF0F2001DC6D4 /* CharacterParams.swift */; };
		99AD103F28CCF242001DC6D4 /* CharactersInteractor.swift in Sources */ = {isa = PBXBuildFile; fileRef = 99AD103E28CCF242001DC6D4 /* CharactersInteractor.swift */; };
		99C93F0828CC0E4D001D4F84 /* AppDelegate.swift in Sources */ = {isa = PBXBuildFile; fileRef = 99C93F0728CC0E4D001D4F84 /* AppDelegate.swift */; };
		99C93F0A28CC0E4D001D4F84 /* SceneDelegate.swift in Sources */ = {isa = PBXBuildFile; fileRef = 99C93F0928CC0E4D001D4F84 /* SceneDelegate.swift */; };
		99C93F1128CC0E50001D4F84 /* Assets.xcassets in Resources */ = {isa = PBXBuildFile; fileRef = 99C93F1028CC0E50001D4F84 /* Assets.xcassets */; };
		99C93F1428CC0E50001D4F84 /* LaunchScreen.storyboard in Resources */ = {isa = PBXBuildFile; fileRef = 99C93F1228CC0E50001D4F84 /* LaunchScreen.storyboard */; };
		99C93F3928CC0EB3001D4F84 /* CharactersListViewController.swift in Sources */ = {isa = PBXBuildFile; fileRef = 99C93F3828CC0EB3001D4F84 /* CharactersListViewController.swift */; };
		99C93F3C28CC1557001D4F84 /* NetworkService.swift in Sources */ = {isa = PBXBuildFile; fileRef = 99C93F3B28CC1557001D4F84 /* NetworkService.swift */; };
		99C93F3E28CC1585001D4F84 /* DataRequest.swift in Sources */ = {isa = PBXBuildFile; fileRef = 99C93F3D28CC1585001D4F84 /* DataRequest.swift */; };
/* End PBXBuildFile section */

/* Begin PBXContainerItemProxy section */
		99C93F1B28CC0E50001D4F84 /* PBXContainerItemProxy */ = {
			isa = PBXContainerItemProxy;
			containerPortal = 99C93EFC28CC0E4D001D4F84 /* Project object */;
			proxyType = 1;
			remoteGlobalIDString = 99C93F0328CC0E4D001D4F84;
			remoteInfo = MarvelCharacters;
		};
/* End PBXContainerItemProxy section */

/* Begin PBXFileReference section */
		9963728328CCDD270037626C /* CharacterListViewControllerTests.swift */ = {isa = PBXFileReference; lastKnownFileType = sourcecode.swift; path = CharacterListViewControllerTests.swift; sourceTree = "<group>"; };
		99AD103228CCED59001DC6D4 /* CharactersModel.swift */ = {isa = PBXFileReference; lastKnownFileType = sourcecode.swift; path = CharactersModel.swift; sourceTree = "<group>"; };
		99AD103428CCEEC8001DC6D4 /* CharactersService.swift */ = {isa = PBXFileReference; lastKnownFileType = sourcecode.swift; path = CharactersService.swift; sourceTree = "<group>"; };
		99AD103A28CCEFDD001DC6D4 /* CharactersRepository.swift */ = {isa = PBXFileReference; lastKnownFileType = sourcecode.swift; path = CharactersRepository.swift; sourceTree = "<group>"; };
		99AD103C28CCF0F2001DC6D4 /* CharacterParams.swift */ = {isa = PBXFileReference; lastKnownFileType = sourcecode.swift; path = CharacterParams.swift; sourceTree = "<group>"; };
		99AD103E28CCF242001DC6D4 /* CharactersInteractor.swift */ = {isa = PBXFileReference; lastKnownFileType = sourcecode.swift; path = CharactersInteractor.swift; sourceTree = "<group>"; };
		99C93F0428CC0E4D001D4F84 /* MarvelCharacters.app */ = {isa = PBXFileReference; explicitFileType = wrapper.application; includeInIndex = 0; path = MarvelCharacters.app; sourceTree = BUILT_PRODUCTS_DIR; };
		99C93F0728CC0E4D001D4F84 /* AppDelegate.swift */ = {isa = PBXFileReference; lastKnownFileType = sourcecode.swift; path = AppDelegate.swift; sourceTree = "<group>"; };
		99C93F0928CC0E4D001D4F84 /* SceneDelegate.swift */ = {isa = PBXFileReference; lastKnownFileType = sourcecode.swift; path = SceneDelegate.swift; sourceTree = "<group>"; };
		99C93F1028CC0E50001D4F84 /* Assets.xcassets */ = {isa = PBXFileReference; lastKnownFileType = folder.assetcatalog; path = Assets.xcassets; sourceTree = "<group>"; };
		99C93F1328CC0E50001D4F84 /* Base */ = {isa = PBXFileReference; lastKnownFileType = file.storyboard; name = Base; path = Base.lproj/LaunchScreen.storyboard; sourceTree = "<group>"; };
		99C93F1528CC0E50001D4F84 /* Info.plist */ = {isa = PBXFileReference; lastKnownFileType = text.plist.xml; path = Info.plist; sourceTree = "<group>"; };
		99C93F1A28CC0E50001D4F84 /* MarvelCharactersTests.xctest */ = {isa = PBXFileReference; explicitFileType = wrapper.cfbundle; includeInIndex = 0; path = MarvelCharactersTests.xctest; sourceTree = BUILT_PRODUCTS_DIR; };
		99C93F3828CC0EB3001D4F84 /* CharactersListViewController.swift */ = {isa = PBXFileReference; lastKnownFileType = sourcecode.swift; path = CharactersListViewController.swift; sourceTree = "<group>"; };
		99C93F3B28CC1557001D4F84 /* NetworkService.swift */ = {isa = PBXFileReference; lastKnownFileType = sourcecode.swift; path = NetworkService.swift; sourceTree = "<group>"; };
		99C93F3D28CC1585001D4F84 /* DataRequest.swift */ = {isa = PBXFileReference; lastKnownFileType = sourcecode.swift; path = DataRequest.swift; sourceTree = "<group>"; };
/* End PBXFileReference section */

/* Begin PBXFrameworksBuildPhase section */
		99C93F0128CC0E4D001D4F84 /* Frameworks */ = {
			isa = PBXFrameworksBuildPhase;
			buildActionMask = 2147483647;
			files = (
			);
			runOnlyForDeploymentPostprocessing = 0;
		};
		99C93F1728CC0E50001D4F84 /* Frameworks */ = {
			isa = PBXFrameworksBuildPhase;
			buildActionMask = 2147483647;
			files = (
			);
			runOnlyForDeploymentPostprocessing = 0;
		};
/* End PBXFrameworksBuildPhase section */

/* Begin PBXGroup section */
		9963728228CCDD160037626C /* CharactersList */ = {
			isa = PBXGroup;
			children = (
				9963728328CCDD270037626C /* CharacterListViewControllerTests.swift */,
			);
			path = CharactersList;
			sourceTree = "<group>";
		};
		99AD103128CCED3C001DC6D4 /* Infrastructure */ = {
			isa = PBXGroup;
			children = (
				99AD103A28CCEFDD001DC6D4 /* CharactersRepository.swift */,
			);
			path = Infrastructure;
			sourceTree = "<group>";
		};
		99AD103628CCEEDF001DC6D4 /* Domain */ = {
			isa = PBXGroup;
			children = (
				99AD103428CCEEC8001DC6D4 /* CharactersService.swift */,
				99AD103228CCED59001DC6D4 /* CharactersModel.swift */,
				99AD103C28CCF0F2001DC6D4 /* CharacterParams.swift */,
			);
			path = Domain;
			sourceTree = "<group>";
		};
		99AD103928CCEF08001DC6D4 /* Scene */ = {
			isa = PBXGroup;
			children = (
				99AD103E28CCF242001DC6D4 /* CharactersInteractor.swift */,
			);
			path = Scene;
			sourceTree = "<group>";
		};
		99AD104028CD1F96001DC6D4 /* Network */ = {
			isa = PBXGroup;
			children = (
			);
			path = Network;
			sourceTree = "<group>";
		};
		99C93EFB28CC0E4D001D4F84 = {
			isa = PBXGroup;
			children = (
				99C93F0628CC0E4D001D4F84 /* MarvelCharacters */,
				99C93F1D28CC0E50001D4F84 /* MarvelCharactersTests */,
				99C93F0528CC0E4D001D4F84 /* Products */,
			);
			sourceTree = "<group>";
		};
		99C93F0528CC0E4D001D4F84 /* Products */ = {
			isa = PBXGroup;
			children = (
				99C93F0428CC0E4D001D4F84 /* MarvelCharacters.app */,
				99C93F1A28CC0E50001D4F84 /* MarvelCharactersTests.xctest */,
			);
			name = Products;
			sourceTree = "<group>";
		};
		99C93F0628CC0E4D001D4F84 /* MarvelCharacters */ = {
			isa = PBXGroup;
			children = (
				99C93F3A28CC14D5001D4F84 /* NetworkService */,
				99C93F3728CC0E8A001D4F84 /* CharactersList */,
				99C93F0728CC0E4D001D4F84 /* AppDelegate.swift */,
				99C93F0928CC0E4D001D4F84 /* SceneDelegate.swift */,
				99C93F1028CC0E50001D4F84 /* Assets.xcassets */,
				99C93F1228CC0E50001D4F84 /* LaunchScreen.storyboard */,
				99C93F1528CC0E50001D4F84 /* Info.plist */,
			);
			path = MarvelCharacters;
			sourceTree = "<group>";
		};
		99C93F1D28CC0E50001D4F84 /* MarvelCharactersTests */ = {
			isa = PBXGroup;
			children = (
				99AD104028CD1F96001DC6D4 /* Network */,
				9963728228CCDD160037626C /* CharactersList */,
			);
			path = MarvelCharactersTests;
			sourceTree = "<group>";
		};
		99C93F3728CC0E8A001D4F84 /* CharactersList */ = {
			isa = PBXGroup;
			children = (
				99AD103928CCEF08001DC6D4 /* Scene */,
				99AD103628CCEEDF001DC6D4 /* Domain */,
				99AD103128CCED3C001DC6D4 /* Infrastructure */,
				99C93F3828CC0EB3001D4F84 /* CharactersListViewController.swift */,
			);
			path = CharactersList;
			sourceTree = "<group>";
		};
		99C93F3A28CC14D5001D4F84 /* NetworkService */ = {
			isa = PBXGroup;
			children = (
				99C93F3B28CC1557001D4F84 /* NetworkService.swift */,
				99C93F3D28CC1585001D4F84 /* DataRequest.swift */,
			);
			path = NetworkService;
			sourceTree = "<group>";
		};
/* End PBXGroup section */

/* Begin PBXNativeTarget section */
		99C93F0328CC0E4D001D4F84 /* MarvelCharacters */ = {
			isa = PBXNativeTarget;
			buildConfigurationList = 99C93F2E28CC0E50001D4F84 /* Build configuration list for PBXNativeTarget "MarvelCharacters" */;
			buildPhases = (
				99C93F0028CC0E4D001D4F84 /* Sources */,
				99C93F0128CC0E4D001D4F84 /* Frameworks */,
				99C93F0228CC0E4D001D4F84 /* Resources */,
			);
			buildRules = (
			);
			dependencies = (
			);
			name = MarvelCharacters;
			productName = MarvelCharacters;
			productReference = 99C93F0428CC0E4D001D4F84 /* MarvelCharacters.app */;
			productType = "com.apple.product-type.application";
		};
		99C93F1928CC0E50001D4F84 /* MarvelCharactersTests */ = {
			isa = PBXNativeTarget;
			buildConfigurationList = 99C93F3128CC0E50001D4F84 /* Build configuration list for PBXNativeTarget "MarvelCharactersTests" */;
			buildPhases = (
				99C93F1628CC0E50001D4F84 /* Sources */,
				99C93F1728CC0E50001D4F84 /* Frameworks */,
				99C93F1828CC0E50001D4F84 /* Resources */,
			);
			buildRules = (
			);
			dependencies = (
				99C93F1C28CC0E50001D4F84 /* PBXTargetDependency */,
			);
			name = MarvelCharactersTests;
			productName = MarvelCharactersTests;
			productReference = 99C93F1A28CC0E50001D4F84 /* MarvelCharactersTests.xctest */;
			productType = "com.apple.product-type.bundle.unit-test";
		};
/* End PBXNativeTarget section */

/* Begin PBXProject section */
		99C93EFC28CC0E4D001D4F84 /* Project object */ = {
			isa = PBXProject;
			attributes = {
				BuildIndependentTargetsInParallel = 1;
				LastSwiftUpdateCheck = 1340;
				LastUpgradeCheck = 1340;
				TargetAttributes = {
					99C93F0328CC0E4D001D4F84 = {
						CreatedOnToolsVersion = 13.4.1;
					};
					99C93F1928CC0E50001D4F84 = {
						CreatedOnToolsVersion = 13.4.1;
						TestTargetID = 99C93F0328CC0E4D001D4F84;
					};
				};
			};
			buildConfigurationList = 99C93EFF28CC0E4D001D4F84 /* Build configuration list for PBXProject "MarvelCharacters" */;
			compatibilityVersion = "Xcode 13.0";
			developmentRegion = en;
			hasScannedForEncodings = 0;
			knownRegions = (
				en,
				Base,
			);
			mainGroup = 99C93EFB28CC0E4D001D4F84;
			productRefGroup = 99C93F0528CC0E4D001D4F84 /* Products */;
			projectDirPath = "";
			projectRoot = "";
			targets = (
				99C93F0328CC0E4D001D4F84 /* MarvelCharacters */,
				99C93F1928CC0E50001D4F84 /* MarvelCharactersTests */,
			);
		};
/* End PBXProject section */

/* Begin PBXResourcesBuildPhase section */
		99C93F0228CC0E4D001D4F84 /* Resources */ = {
			isa = PBXResourcesBuildPhase;
			buildActionMask = 2147483647;
			files = (
				99C93F1428CC0E50001D4F84 /* LaunchScreen.storyboard in Resources */,
				99C93F1128CC0E50001D4F84 /* Assets.xcassets in Resources */,
			);
			runOnlyForDeploymentPostprocessing = 0;
		};
		99C93F1828CC0E50001D4F84 /* Resources */ = {
			isa = PBXResourcesBuildPhase;
			buildActionMask = 2147483647;
			files = (
			);
			runOnlyForDeploymentPostprocessing = 0;
		};
/* End PBXResourcesBuildPhase section */

/* Begin PBXSourcesBuildPhase section */
		99C93F0028CC0E4D001D4F84 /* Sources */ = {
			isa = PBXSourcesBuildPhase;
			buildActionMask = 2147483647;
			files = (
				99C93F3C28CC1557001D4F84 /* NetworkService.swift in Sources */,
				99AD103B28CCEFDD001DC6D4 /* CharactersRepository.swift in Sources */,
				99C93F3928CC0EB3001D4F84 /* CharactersListViewController.swift in Sources */,
				99AD103328CCED59001DC6D4 /* CharactersModel.swift in Sources */,
				99AD103F28CCF242001DC6D4 /* CharactersInteractor.swift in Sources */,
				99AD103528CCEEC8001DC6D4 /* CharactersService.swift in Sources */,
				99C93F3E28CC1585001D4F84 /* DataRequest.swift in Sources */,
				99C93F0828CC0E4D001D4F84 /* AppDelegate.swift in Sources */,
				99AD103D28CCF0F2001DC6D4 /* CharacterParams.swift in Sources */,
				99C93F0A28CC0E4D001D4F84 /* SceneDelegate.swift in Sources */,
			);
			runOnlyForDeploymentPostprocessing = 0;
		};
		99C93F1628CC0E50001D4F84 /* Sources */ = {
			isa = PBXSourcesBuildPhase;
			buildActionMask = 2147483647;
			files = (
				9963728428CCDD270037626C /* CharacterListViewControllerTests.swift in Sources */,
			);
			runOnlyForDeploymentPostprocessing = 0;
		};
/* End PBXSourcesBuildPhase section */

/* Begin PBXTargetDependency section */
		99C93F1C28CC0E50001D4F84 /* PBXTargetDependency */ = {
			isa = PBXTargetDependency;
			target = 99C93F0328CC0E4D001D4F84 /* MarvelCharacters */;
			targetProxy = 99C93F1B28CC0E50001D4F84 /* PBXContainerItemProxy */;
		};
/* End PBXTargetDependency section */

/* Begin PBXVariantGroup section */
		99C93F1228CC0E50001D4F84 /* LaunchScreen.storyboard */ = {
			isa = PBXVariantGroup;
			children = (
				99C93F1328CC0E50001D4F84 /* Base */,
			);
			name = LaunchScreen.storyboard;
			sourceTree = "<group>";
		};
/* End PBXVariantGroup section */

/* Begin XCBuildConfiguration section */
		99C93F2C28CC0E50001D4F84 /* Debug */ = {
			isa = XCBuildConfiguration;
			buildSettings = {
				ALWAYS_SEARCH_USER_PATHS = NO;
				CLANG_ANALYZER_NONNULL = YES;
				CLANG_ANALYZER_NUMBER_OBJECT_CONVERSION = YES_AGGRESSIVE;
				CLANG_CXX_LANGUAGE_STANDARD = "gnu++17";
				CLANG_ENABLE_MODULES = YES;
				CLANG_ENABLE_OBJC_ARC = YES;
				CLANG_ENABLE_OBJC_WEAK = YES;
				CLANG_WARN_BLOCK_CAPTURE_AUTORELEASING = YES;
				CLANG_WARN_BOOL_CONVERSION = YES;
				CLANG_WARN_COMMA = YES;
				CLANG_WARN_CONSTANT_CONVERSION = YES;
				CLANG_WARN_DEPRECATED_OBJC_IMPLEMENTATIONS = YES;
				CLANG_WARN_DIRECT_OBJC_ISA_USAGE = YES_ERROR;
				CLANG_WARN_DOCUMENTATION_COMMENTS = YES;
				CLANG_WARN_EMPTY_BODY = YES;
				CLANG_WARN_ENUM_CONVERSION = YES;
				CLANG_WARN_INFINITE_RECURSION = YES;
				CLANG_WARN_INT_CONVERSION = YES;
				CLANG_WARN_NON_LITERAL_NULL_CONVERSION = YES;
				CLANG_WARN_OBJC_IMPLICIT_RETAIN_SELF = YES;
				CLANG_WARN_OBJC_LITERAL_CONVERSION = YES;
				CLANG_WARN_OBJC_ROOT_CLASS = YES_ERROR;
				CLANG_WARN_QUOTED_INCLUDE_IN_FRAMEWORK_HEADER = YES;
				CLANG_WARN_RANGE_LOOP_ANALYSIS = YES;
				CLANG_WARN_STRICT_PROTOTYPES = YES;
				CLANG_WARN_SUSPICIOUS_MOVE = YES;
				CLANG_WARN_UNGUARDED_AVAILABILITY = YES_AGGRESSIVE;
				CLANG_WARN_UNREACHABLE_CODE = YES;
				CLANG_WARN__DUPLICATE_METHOD_MATCH = YES;
				COPY_PHASE_STRIP = NO;
				DEBUG_INFORMATION_FORMAT = dwarf;
				ENABLE_STRICT_OBJC_MSGSEND = YES;
				ENABLE_TESTABILITY = YES;
				GCC_C_LANGUAGE_STANDARD = gnu11;
				GCC_DYNAMIC_NO_PIC = NO;
				GCC_NO_COMMON_BLOCKS = YES;
				GCC_OPTIMIZATION_LEVEL = 0;
				GCC_PREPROCESSOR_DEFINITIONS = (
					"DEBUG=1",
					"$(inherited)",
				);
				GCC_WARN_64_TO_32_BIT_CONVERSION = YES;
				GCC_WARN_ABOUT_RETURN_TYPE = YES_ERROR;
				GCC_WARN_UNDECLARED_SELECTOR = YES;
				GCC_WARN_UNINITIALIZED_AUTOS = YES_AGGRESSIVE;
				GCC_WARN_UNUSED_FUNCTION = YES;
				GCC_WARN_UNUSED_VARIABLE = YES;
				IPHONEOS_DEPLOYMENT_TARGET = 13.1;
				MTL_ENABLE_DEBUG_INFO = INCLUDE_SOURCE;
				MTL_FAST_MATH = YES;
				ONLY_ACTIVE_ARCH = YES;
				SDKROOT = iphoneos;
				SWIFT_ACTIVE_COMPILATION_CONDITIONS = DEBUG;
				SWIFT_OPTIMIZATION_LEVEL = "-Onone";
			};
			name = Debug;
		};
		99C93F2D28CC0E50001D4F84 /* Release */ = {
			isa = XCBuildConfiguration;
			buildSettings = {
				ALWAYS_SEARCH_USER_PATHS = NO;
				CLANG_ANALYZER_NONNULL = YES;
				CLANG_ANALYZER_NUMBER_OBJECT_CONVERSION = YES_AGGRESSIVE;
				CLANG_CXX_LANGUAGE_STANDARD = "gnu++17";
				CLANG_ENABLE_MODULES = YES;
				CLANG_ENABLE_OBJC_ARC = YES;
				CLANG_ENABLE_OBJC_WEAK = YES;
				CLANG_WARN_BLOCK_CAPTURE_AUTORELEASING = YES;
				CLANG_WARN_BOOL_CONVERSION = YES;
				CLANG_WARN_COMMA = YES;
				CLANG_WARN_CONSTANT_CONVERSION = YES;
				CLANG_WARN_DEPRECATED_OBJC_IMPLEMENTATIONS = YES;
				CLANG_WARN_DIRECT_OBJC_ISA_USAGE = YES_ERROR;
				CLANG_WARN_DOCUMENTATION_COMMENTS = YES;
				CLANG_WARN_EMPTY_BODY = YES;
				CLANG_WARN_ENUM_CONVERSION = YES;
				CLANG_WARN_INFINITE_RECURSION = YES;
				CLANG_WARN_INT_CONVERSION = YES;
				CLANG_WARN_NON_LITERAL_NULL_CONVERSION = YES;
				CLANG_WARN_OBJC_IMPLICIT_RETAIN_SELF = YES;
				CLANG_WARN_OBJC_LITERAL_CONVERSION = YES;
				CLANG_WARN_OBJC_ROOT_CLASS = YES_ERROR;
				CLANG_WARN_QUOTED_INCLUDE_IN_FRAMEWORK_HEADER = YES;
				CLANG_WARN_RANGE_LOOP_ANALYSIS = YES;
				CLANG_WARN_STRICT_PROTOTYPES = YES;
				CLANG_WARN_SUSPICIOUS_MOVE = YES;
				CLANG_WARN_UNGUARDED_AVAILABILITY = YES_AGGRESSIVE;
				CLANG_WARN_UNREACHABLE_CODE = YES;
				CLANG_WARN__DUPLICATE_METHOD_MATCH = YES;
				COPY_PHASE_STRIP = NO;
				DEBUG_INFORMATION_FORMAT = "dwarf-with-dsym";
				ENABLE_NS_ASSERTIONS = NO;
				ENABLE_STRICT_OBJC_MSGSEND = YES;
				GCC_C_LANGUAGE_STANDARD = gnu11;
				GCC_NO_COMMON_BLOCKS = YES;
				GCC_WARN_64_TO_32_BIT_CONVERSION = YES;
				GCC_WARN_ABOUT_RETURN_TYPE = YES_ERROR;
				GCC_WARN_UNDECLARED_SELECTOR = YES;
				GCC_WARN_UNINITIALIZED_AUTOS = YES_AGGRESSIVE;
				GCC_WARN_UNUSED_FUNCTION = YES;
				GCC_WARN_UNUSED_VARIABLE = YES;
				IPHONEOS_DEPLOYMENT_TARGET = 13.1;
				MTL_ENABLE_DEBUG_INFO = NO;
				MTL_FAST_MATH = YES;
				SDKROOT = iphoneos;
				SWIFT_COMPILATION_MODE = wholemodule;
				SWIFT_OPTIMIZATION_LEVEL = "-O";
				VALIDATE_PRODUCT = YES;
			};
			name = Release;
		};
		99C93F2F28CC0E50001D4F84 /* Debug */ = {
			isa = XCBuildConfiguration;
			buildSettings = {
				ASSETCATALOG_COMPILER_APPICON_NAME = AppIcon;
				ASSETCATALOG_COMPILER_GLOBAL_ACCENT_COLOR_NAME = AccentColor;
				CODE_SIGN_IDENTITY = "Apple Development";
				CODE_SIGN_STYLE = Automatic;
				CURRENT_PROJECT_VERSION = 1;
				DEVELOPMENT_TEAM = LJC5TM6ZBQ;
				GENERATE_INFOPLIST_FILE = YES;
				INFOPLIST_FILE = MarvelCharacters/Info.plist;
				INFOPLIST_KEY_UIApplicationSupportsIndirectInputEvents = YES;
				INFOPLIST_KEY_UILaunchStoryboardName = LaunchScreen;
				INFOPLIST_KEY_UISupportedInterfaceOrientations_iPad = "UIInterfaceOrientationPortrait UIInterfaceOrientationPortraitUpsideDown UIInterfaceOrientationLandscapeLeft UIInterfaceOrientationLandscapeRight";
				INFOPLIST_KEY_UISupportedInterfaceOrientations_iPhone = "UIInterfaceOrientationPortrait UIInterfaceOrientationLandscapeLeft UIInterfaceOrientationLandscapeRight";
				LD_RUNPATH_SEARCH_PATHS = (
					"$(inherited)",
					"@executable_path/Frameworks",
				);
				MARKETING_VERSION = 1.0;
				PRODUCT_BUNDLE_IDENTIFIER = br.com.yuri.marvel;
				PRODUCT_NAME = "$(TARGET_NAME)";
				PROVISIONING_PROFILE_SPECIFIER = "";
				SWIFT_EMIT_LOC_STRINGS = YES;
				SWIFT_VERSION = 5.0;
				TARGETED_DEVICE_FAMILY = "1,2";
			};
			name = Debug;
		};
		99C93F3028CC0E50001D4F84 /* Release */ = {
			isa = XCBuildConfiguration;
			buildSettings = {
				ASSETCATALOG_COMPILER_APPICON_NAME = AppIcon;
				ASSETCATALOG_COMPILER_GLOBAL_ACCENT_COLOR_NAME = AccentColor;
				CODE_SIGN_IDENTITY = "Apple Development";
				CODE_SIGN_STYLE = Automatic;
				CURRENT_PROJECT_VERSION = 1;
				DEVELOPMENT_TEAM = LJC5TM6ZBQ;
				GENERATE_INFOPLIST_FILE = YES;
				INFOPLIST_FILE = MarvelCharacters/Info.plist;
				INFOPLIST_KEY_UIApplicationSupportsIndirectInputEvents = YES;
				INFOPLIST_KEY_UILaunchStoryboardName = LaunchScreen;
				INFOPLIST_KEY_UISupportedInterfaceOrientations_iPad = "UIInterfaceOrientationPortrait UIInterfaceOrientationPortraitUpsideDown UIInterfaceOrientationLandscapeLeft UIInterfaceOrientationLandscapeRight";
				INFOPLIST_KEY_UISupportedInterfaceOrientations_iPhone = "UIInterfaceOrientationPortrait UIInterfaceOrientationLandscapeLeft UIInterfaceOrientationLandscapeRight";
				LD_RUNPATH_SEARCH_PATHS = (
					"$(inherited)",
					"@executable_path/Frameworks",
				);
				MARKETING_VERSION = 1.0;
				PRODUCT_BUNDLE_IDENTIFIER = br.com.yuri.marvel;
				PRODUCT_NAME = "$(TARGET_NAME)";
				PROVISIONING_PROFILE_SPECIFIER = "";
				SWIFT_EMIT_LOC_STRINGS = YES;
				SWIFT_VERSION = 5.0;
				TARGETED_DEVICE_FAMILY = "1,2";
			};
			name = Release;
		};
		99C93F3228CC0E50001D4F84 /* Debug */ = {
			isa = XCBuildConfiguration;
			buildSettings = {
				ALWAYS_EMBED_SWIFT_STANDARD_LIBRARIES = YES;
				BUNDLE_LOADER = "$(TEST_HOST)";
				CODE_SIGN_STYLE = Automatic;
				CURRENT_PROJECT_VERSION = 1;
				DEVELOPMENT_TEAM = LJC5TM6ZBQ;
				GENERATE_INFOPLIST_FILE = YES;
				IPHONEOS_DEPLOYMENT_TARGET = 15.5;
				MARKETING_VERSION = 1.0;
				PRODUCT_BUNDLE_IDENTIFIER = br.com.yuri.MarvelCharactersTests;
				PRODUCT_NAME = "$(TARGET_NAME)";
				SWIFT_EMIT_LOC_STRINGS = NO;
				SWIFT_VERSION = 5.0;
				TARGETED_DEVICE_FAMILY = "1,2";
				TEST_HOST = "$(BUILT_PRODUCTS_DIR)/MarvelCharacters.app/MarvelCharacters";
			};
			name = Debug;
		};
		99C93F3328CC0E50001D4F84 /* Release */ = {
			isa = XCBuildConfiguration;
			buildSettings = {
				ALWAYS_EMBED_SWIFT_STANDARD_LIBRARIES = YES;
				BUNDLE_LOADER = "$(TEST_HOST)";
				CODE_SIGN_STYLE = Automatic;
				CURRENT_PROJECT_VERSION = 1;
				DEVELOPMENT_TEAM = LJC5TM6ZBQ;
				GENERATE_INFOPLIST_FILE = YES;
				IPHONEOS_DEPLOYMENT_TARGET = 15.5;
				MARKETING_VERSION = 1.0;
				PRODUCT_BUNDLE_IDENTIFIER = br.com.yuri.MarvelCharactersTests;
				PRODUCT_NAME = "$(TARGET_NAME)";
				SWIFT_EMIT_LOC_STRINGS = NO;
				SWIFT_VERSION = 5.0;
				TARGETED_DEVICE_FAMILY = "1,2";
				TEST_HOST = "$(BUILT_PRODUCTS_DIR)/MarvelCharacters.app/MarvelCharacters";
			};
			name = Release;
		};
/* End XCBuildConfiguration section */

/* Begin XCConfigurationList section */
		99C93EFF28CC0E4D001D4F84 /* Build configuration list for PBXProject "MarvelCharacters" */ = {
			isa = XCConfigurationList;
			buildConfigurations = (
				99C93F2C28CC0E50001D4F84 /* Debug */,
				99C93F2D28CC0E50001D4F84 /* Release */,
			);
			defaultConfigurationIsVisible = 0;
			defaultConfigurationName = Release;
		};
		99C93F2E28CC0E50001D4F84 /* Build configuration list for PBXNativeTarget "MarvelCharacters" */ = {
			isa = XCConfigurationList;
			buildConfigurations = (
				99C93F2F28CC0E50001D4F84 /* Debug */,
				99C93F3028CC0E50001D4F84 /* Release */,
			);
			defaultConfigurationIsVisible = 0;
			defaultConfigurationName = Release;
		};
		99C93F3128CC0E50001D4F84 /* Build configuration list for PBXNativeTarget "MarvelCharactersTests" */ = {
			isa = XCConfigurationList;
			buildConfigurations = (
				99C93F3228CC0E50001D4F84 /* Debug */,
				99C93F3328CC0E50001D4F84 /* Release */,
			);
			defaultConfigurationIsVisible = 0;
			defaultConfigurationName = Release;
		};
/* End XCConfigurationList section */
	};
	rootObject = 99C93EFC28CC0E4D001D4F84 /* Project object */;
}
